// !$*UTF8*$!
{
	archiveVersion = 1;
	classes = {
	};
	objectVersion = 50;
	objects = {

/* Begin PBXBuildFile section */
		6244B1DA24E19DD4006BF1B8 /* AppDelegate.swift in Sources */ = {isa = PBXBuildFile; fileRef = 6244B1D924E19DD4006BF1B8 /* AppDelegate.swift */; };
		6244B1DC24E19DD4006BF1B8 /* SceneDelegate.swift in Sources */ = {isa = PBXBuildFile; fileRef = 6244B1DB24E19DD4006BF1B8 /* SceneDelegate.swift */; };
		6244B1DE24E19DD4006BF1B8 /* ViewController.swift in Sources */ = {isa = PBXBuildFile; fileRef = 6244B1DD24E19DD4006BF1B8 /* ViewController.swift */; };
		6244B1E124E19DD4006BF1B8 /* Main.storyboard in Resources */ = {isa = PBXBuildFile; fileRef = 6244B1DF24E19DD4006BF1B8 /* Main.storyboard */; };
		6244B1E324E19DD5006BF1B8 /* Assets.xcassets in Resources */ = {isa = PBXBuildFile; fileRef = 6244B1E224E19DD5006BF1B8 /* Assets.xcassets */; };
		6244B1E624E19DD5006BF1B8 /* LaunchScreen.storyboard in Resources */ = {isa = PBXBuildFile; fileRef = 6244B1E424E19DD5006BF1B8 /* LaunchScreen.storyboard */; };
		6244B1F124E19DD5006BF1B8 /* Daniel_O_pListExerciseTests.swift in Sources */ = {isa = PBXBuildFile; fileRef = 6244B1F024E19DD5006BF1B8 /* Daniel_O_pListExerciseTests.swift */; };
		6244B1FC24E19DD5006BF1B8 /* Daniel_O_pListExerciseUITests.swift in Sources */ = {isa = PBXBuildFile; fileRef = 6244B1FB24E19DD5006BF1B8 /* Daniel_O_pListExerciseUITests.swift */; };
		6244B20A24E1A2CF006BF1B8 /* uwu.jpg in Resources */ = {isa = PBXBuildFile; fileRef = 6244B20924E1A2CF006BF1B8 /* uwu.jpg */; };
/* End PBXBuildFile section */

/* Begin PBXContainerItemProxy section */
		6244B1ED24E19DD5006BF1B8 /* PBXContainerItemProxy */ = {
			isa = PBXContainerItemProxy;
			containerPortal = 6244B1CE24E19DD4006BF1B8 /* Project object */;
			proxyType = 1;
			remoteGlobalIDString = 6244B1D524E19DD4006BF1B8;
			remoteInfo = Daniel_O_pListExercise;
		};
		6244B1F824E19DD5006BF1B8 /* PBXContainerItemProxy */ = {
			isa = PBXContainerItemProxy;
			containerPortal = 6244B1CE24E19DD4006BF1B8 /* Project object */;
			proxyType = 1;
			remoteGlobalIDString = 6244B1D524E19DD4006BF1B8;
			remoteInfo = Daniel_O_pListExercise;
		};
/* End PBXContainerItemProxy section */

/* Begin PBXFileReference section */
		6244B1D624E19DD4006BF1B8 /* Daniel_O_pListExercise.app */ = {isa = PBXFileReference; explicitFileType = wrapper.application; includeInIndex = 0; path = Daniel_O_pListExercise.app; sourceTree = BUILT_PRODUCTS_DIR; };
		6244B1D924E19DD4006BF1B8 /* AppDelegate.swift */ = {isa = PBXFileReference; lastKnownFileType = sourcecode.swift; path = AppDelegate.swift; sourceTree = "<group>"; };
		6244B1DB24E19DD4006BF1B8 /* SceneDelegate.swift */ = {isa = PBXFileReference; lastKnownFileType = sourcecode.swift; path = SceneDelegate.swift; sourceTree = "<group>"; };
		6244B1DD24E19DD4006BF1B8 /* ViewController.swift */ = {isa = PBXFileReference; lastKnownFileType = sourcecode.swift; path = ViewController.swift; sourceTree = "<group>"; };
		6244B1E024E19DD4006BF1B8 /* Base */ = {isa = PBXFileReference; lastKnownFileType = file.storyboard; name = Base; path = Base.lproj/Main.storyboard; sourceTree = "<group>"; };
		6244B1E224E19DD5006BF1B8 /* Assets.xcassets */ = {isa = PBXFileReference; lastKnownFileType = folder.assetcatalog; path = Assets.xcassets; sourceTree = "<group>"; };
		6244B1E524E19DD5006BF1B8 /* Base */ = {isa = PBXFileReference; lastKnownFileType = file.storyboard; name = Base; path = Base.lproj/LaunchScreen.storyboard; sourceTree = "<group>"; };
		6244B1E724E19DD5006BF1B8 /* Info.plist */ = {isa = PBXFileReference; lastKnownFileType = text.plist.xml; path = Info.plist; sourceTree = "<group>"; };
		6244B1EC24E19DD5006BF1B8 /* Daniel_O_pListExerciseTests.xctest */ = {isa = PBXFileReference; explicitFileType = wrapper.cfbundle; includeInIndex = 0; path = Daniel_O_pListExerciseTests.xctest; sourceTree = BUILT_PRODUCTS_DIR; };
		6244B1F024E19DD5006BF1B8 /* Daniel_O_pListExerciseTests.swift */ = {isa = PBXFileReference; lastKnownFileType = sourcecode.swift; path = Daniel_O_pListExerciseTests.swift; sourceTree = "<group>"; };
		6244B1F224E19DD5006BF1B8 /* Info.plist */ = {isa = PBXFileReference; lastKnownFileType = text.plist.xml; path = Info.plist; sourceTree = "<group>"; };
		6244B1F724E19DD5006BF1B8 /* Daniel_O_pListExerciseUITests.xctest */ = {isa = PBXFileReference; explicitFileType = wrapper.cfbundle; includeInIndex = 0; path = Daniel_O_pListExerciseUITests.xctest; sourceTree = BUILT_PRODUCTS_DIR; };
		6244B1FB24E19DD5006BF1B8 /* Daniel_O_pListExerciseUITests.swift */ = {isa = PBXFileReference; lastKnownFileType = sourcecode.swift; path = Daniel_O_pListExerciseUITests.swift; sourceTree = "<group>"; };
		6244B1FD24E19DD5006BF1B8 /* Info.plist */ = {isa = PBXFileReference; lastKnownFileType = text.plist.xml; path = Info.plist; sourceTree = "<group>"; };
		6244B20924E1A2CF006BF1B8 /* uwu.jpg */ = {isa = PBXFileReference; lastKnownFileType = image.jpeg; path = uwu.jpg; sourceTree = "<group>"; };
/* End PBXFileReference section */

/* Begin PBXFrameworksBuildPhase section */
		6244B1D324E19DD4006BF1B8 /* Frameworks */ = {
			isa = PBXFrameworksBuildPhase;
			buildActionMask = 2147483647;
			files = (
			);
			runOnlyForDeploymentPostprocessing = 0;
		};
		6244B1E924E19DD5006BF1B8 /* Frameworks */ = {
			isa = PBXFrameworksBuildPhase;
			buildActionMask = 2147483647;
			files = (
			);
			runOnlyForDeploymentPostprocessing = 0;
		};
		6244B1F424E19DD5006BF1B8 /* Frameworks */ = {
			isa = PBXFrameworksBuildPhase;
			buildActionMask = 2147483647;
			files = (
			);
			runOnlyForDeploymentPostprocessing = 0;
		};
/* End PBXFrameworksBuildPhase section */

/* Begin PBXGroup section */
		6244B1CD24E19DD4006BF1B8 = {
			isa = PBXGroup;
			children = (
				6244B1D824E19DD4006BF1B8 /* Daniel_O_pListExercise */,
				6244B1EF24E19DD5006BF1B8 /* Daniel_O_pListExerciseTests */,
				6244B1FA24E19DD5006BF1B8 /* Daniel_O_pListExerciseUITests */,
				6244B1D724E19DD4006BF1B8 /* Products */,
			);
			sourceTree = "<group>";
		};
		6244B1D724E19DD4006BF1B8 /* Products */ = {
			isa = PBXGroup;
			children = (
				6244B1D624E19DD4006BF1B8 /* Daniel_O_pListExercise.app */,
				6244B1EC24E19DD5006BF1B8 /* Daniel_O_pListExerciseTests.xctest */,
				6244B1F724E19DD5006BF1B8 /* Daniel_O_pListExerciseUITests.xctest */,
			);
			name = Products;
			sourceTree = "<group>";
		};
		6244B1D824E19DD4006BF1B8 /* Daniel_O_pListExercise */ = {
			isa = PBXGroup;
			children = (
				6244B1D924E19DD4006BF1B8 /* AppDelegate.swift */,
				6244B1DB24E19DD4006BF1B8 /* SceneDelegate.swift */,
				6244B20924E1A2CF006BF1B8 /* uwu.jpg */,
				6244B1DD24E19DD4006BF1B8 /* ViewController.swift */,
				6244B1DF24E19DD4006BF1B8 /* Main.storyboard */,
				6244B1E224E19DD5006BF1B8 /* Assets.xcassets */,
				6244B1E424E19DD5006BF1B8 /* LaunchScreen.storyboard */,
				6244B1E724E19DD5006BF1B8 /* Info.plist */,
			);
			path = Daniel_O_pListExercise;
			sourceTree = "<group>";
		};
		6244B1EF24E19DD5006BF1B8 /* Daniel_O_pListExerciseTests */ = {
			isa = PBXGroup;
			children = (
				6244B1F024E19DD5006BF1B8 /* Daniel_O_pListExerciseTests.swift */,
				6244B1F224E19DD5006BF1B8 /* Info.plist */,
			);
			path = Daniel_O_pListExerciseTests;
			sourceTree = "<group>";
		};
		6244B1FA24E19DD5006BF1B8 /* Daniel_O_pListExerciseUITests */ = {
			isa = PBXGroup;
			children = (
				6244B1FB24E19DD5006BF1B8 /* Daniel_O_pListExerciseUITests.swift */,
				6244B1FD24E19DD5006BF1B8 /* Info.plist */,
			);
			path = Daniel_O_pListExerciseUITests;
			sourceTree = "<group>";
		};
/* End PBXGroup section */

/* Begin PBXNativeTarget section */
		6244B1D524E19DD4006BF1B8 /* Daniel_O_pListExercise */ = {
			isa = PBXNativeTarget;
			buildConfigurationList = 6244B20024E19DD5006BF1B8 /* Build configuration list for PBXNativeTarget "Daniel_O_pListExercise" */;
			buildPhases = (
				6244B1D224E19DD4006BF1B8 /* Sources */,
				6244B1D324E19DD4006BF1B8 /* Frameworks */,
				6244B1D424E19DD4006BF1B8 /* Resources */,
			);
			buildRules = (
			);
			dependencies = (
			);
			name = Daniel_O_pListExercise;
			productName = Daniel_O_pListExercise;
			productReference = 6244B1D624E19DD4006BF1B8 /* Daniel_O_pListExercise.app */;
			productType = "com.apple.product-type.application";
		};
		6244B1EB24E19DD5006BF1B8 /* Daniel_O_pListExerciseTests */ = {
			isa = PBXNativeTarget;
			buildConfigurationList = 6244B20324E19DD5006BF1B8 /* Build configuration list for PBXNativeTarget "Daniel_O_pListExerciseTests" */;
			buildPhases = (
				6244B1E824E19DD5006BF1B8 /* Sources */,
				6244B1E924E19DD5006BF1B8 /* Frameworks */,
				6244B1EA24E19DD5006BF1B8 /* Resources */,
			);
			buildRules = (
			);
			dependencies = (
				6244B1EE24E19DD5006BF1B8 /* PBXTargetDependency */,
			);
			name = Daniel_O_pListExerciseTests;
			productName = Daniel_O_pListExerciseTests;
			productReference = 6244B1EC24E19DD5006BF1B8 /* Daniel_O_pListExerciseTests.xctest */;
			productType = "com.apple.product-type.bundle.unit-test";
		};
		6244B1F624E19DD5006BF1B8 /* Daniel_O_pListExerciseUITests */ = {
			isa = PBXNativeTarget;
			buildConfigurationList = 6244B20624E19DD5006BF1B8 /* Build configuration list for PBXNativeTarget "Daniel_O_pListExerciseUITests" */;
			buildPhases = (
				6244B1F324E19DD5006BF1B8 /* Sources */,
				6244B1F424E19DD5006BF1B8 /* Frameworks */,
				6244B1F524E19DD5006BF1B8 /* Resources */,
			);
			buildRules = (
			);
			dependencies = (
				6244B1F924E19DD5006BF1B8 /* PBXTargetDependency */,
			);
			name = Daniel_O_pListExerciseUITests;
			productName = Daniel_O_pListExerciseUITests;
			productReference = 6244B1F724E19DD5006BF1B8 /* Daniel_O_pListExerciseUITests.xctest */;
			productType = "com.apple.product-type.bundle.ui-testing";
		};
/* End PBXNativeTarget section */

/* Begin PBXProject section */
		6244B1CE24E19DD4006BF1B8 /* Project object */ = {
			isa = PBXProject;
			attributes = {
				LastSwiftUpdateCheck = 1130;
				LastUpgradeCheck = 1130;
				ORGANIZATIONNAME = "Daniel Olmo";
				TargetAttributes = {
					6244B1D524E19DD4006BF1B8 = {
						CreatedOnToolsVersion = 11.3.1;
					};
					6244B1EB24E19DD5006BF1B8 = {
						CreatedOnToolsVersion = 11.3.1;
						TestTargetID = 6244B1D524E19DD4006BF1B8;
					};
					6244B1F624E19DD5006BF1B8 = {
						CreatedOnToolsVersion = 11.3.1;
						TestTargetID = 6244B1D524E19DD4006BF1B8;
					};
				};
			};
			buildConfigurationList = 6244B1D124E19DD4006BF1B8 /* Build configuration list for PBXProject "Daniel_O_pListExercise" */;
			compatibilityVersion = "Xcode 9.3";
			developmentRegion = en;
			hasScannedForEncodings = 0;
			knownRegions = (
				en,
				Base,
			);
			mainGroup = 6244B1CD24E19DD4006BF1B8;
			productRefGroup = 6244B1D724E19DD4006BF1B8 /* Products */;
			projectDirPath = "";
			projectRoot = "";
			targets = (
				6244B1D524E19DD4006BF1B8 /* Daniel_O_pListExercise */,
				6244B1EB24E19DD5006BF1B8 /* Daniel_O_pListExerciseTests */,
				6244B1F624E19DD5006BF1B8 /* Daniel_O_pListExerciseUITests */,
			);
		};
/* End PBXProject section */

/* Begin PBXResourcesBuildPhase section */
		6244B1D424E19DD4006BF1B8 /* Resources */ = {
			isa = PBXResourcesBuildPhase;
			buildActionMask = 2147483647;
			files = (
				6244B1E624E19DD5006BF1B8 /* LaunchScreen.storyboard in Resources */,
				6244B1E324E19DD5006BF1B8 /* Assets.xcassets in Resources */,
				6244B1E124E19DD4006BF1B8 /* Main.storyboard in Resources */,
				6244B20A24E1A2CF006BF1B8 /* uwu.jpg in Resources */,
			);
			runOnlyForDeploymentPostprocessing = 0;
		};
		6244B1EA24E19DD5006BF1B8 /* Resources */ = {
			isa = PBXResourcesBuildPhase;
			buildActionMask = 2147483647;
			files = (
			);
			runOnlyForDeploymentPostprocessing = 0;
		};
		6244B1F524E19DD5006BF1B8 /* Resources */ = {
			isa = PBXResourcesBuildPhase;
			buildActionMask = 2147483647;
			files = (
			);
			runOnlyForDeploymentPostprocessing = 0;
		};
/* End PBXResourcesBuildPhase section */

/* Begin PBXSourcesBuildPhase section */
		6244B1D224E19DD4006BF1B8 /* Sources */ = {
			isa = PBXSourcesBuildPhase;
			buildActionMask = 2147483647;
			files = (
				6244B1DE24E19DD4006BF1B8 /* ViewController.swift in Sources */,
				6244B1DA24E19DD4006BF1B8 /* AppDelegate.swift in Sources */,
				6244B1DC24E19DD4006BF1B8 /* SceneDelegate.swift in Sources */,
			);
			runOnlyForDeploymentPostprocessing = 0;
		};
		6244B1E824E19DD5006BF1B8 /* Sources */ = {
			isa = PBXSourcesBuildPhase;
			buildActionMask = 2147483647;
			files = (
				6244B1F124E19DD5006BF1B8 /* Daniel_O_pListExerciseTests.swift in Sources */,
			);
			runOnlyForDeploymentPostprocessing = 0;
		};
		6244B1F324E19DD5006BF1B8 /* Sources */ = {
			isa = PBXSourcesBuildPhase;
			buildActionMask = 2147483647;
			files = (
				6244B1FC24E19DD5006BF1B8 /* Daniel_O_pListExerciseUITests.swift in Sources */,
			);
			runOnlyForDeploymentPostprocessing = 0;
		};
/* End PBXSourcesBuildPhase section */

/* Begin PBXTargetDependency section */
		6244B1EE24E19DD5006BF1B8 /* PBXTargetDependency */ = {
			isa = PBXTargetDependency;
			target = 6244B1D524E19DD4006BF1B8 /* Daniel_O_pListExercise */;
			targetProxy = 6244B1ED24E19DD5006BF1B8 /* PBXContainerItemProxy */;
		};
		6244B1F924E19DD5006BF1B8 /* PBXTargetDependency */ = {
			isa = PBXTargetDependency;
			target = 6244B1D524E19DD4006BF1B8 /* Daniel_O_pListExercise */;
			targetProxy = 6244B1F824E19DD5006BF1B8 /* PBXContainerItemProxy */;
		};
/* End PBXTargetDependency section */

/* Begin PBXVariantGroup section */
		6244B1DF24E19DD4006BF1B8 /* Main.storyboard */ = {
			isa = PBXVariantGroup;
			children = (
				6244B1E024E19DD4006BF1B8 /* Base */,
			);
			name = Main.storyboard;
			sourceTree = "<group>";
		};
		6244B1E424E19DD5006BF1B8 /* LaunchScreen.storyboard */ = {
			isa = PBXVariantGroup;
			children = (
				6244B1E524E19DD5006BF1B8 /* Base */,
			);
			name = LaunchScreen.storyboard;
			sourceTree = "<group>";
		};
/* End PBXVariantGroup section */

/* Begin XCBuildConfiguration section */
		6244B1FE24E19DD5006BF1B8 /* Debug */ = {
			isa = XCBuildConfiguration;
			buildSettings = {
				ALWAYS_SEARCH_USER_PATHS = NO;
				CLANG_ANALYZER_NONNULL = YES;
				CLANG_ANALYZER_NUMBER_OBJECT_CONVERSION = YES_AGGRESSIVE;
				CLANG_CXX_LANGUAGE_STANDARD = "gnu++14";
				CLANG_CXX_LIBRARY = "libc++";
				CLANG_ENABLE_MODULES = YES;
				CLANG_ENABLE_OBJC_ARC = YES;
				CLANG_ENABLE_OBJC_WEAK = YES;
				CLANG_WARN_BLOCK_CAPTURE_AUTORELEASING = YES;
				CLANG_WARN_BOOL_CONVERSION = YES;
				CLANG_WARN_COMMA = YES;
				CLANG_WARN_CONSTANT_CONVERSION = YES;
				CLANG_WARN_DEPRECATED_OBJC_IMPLEMENTATIONS = YES;
				CLANG_WARN_DIRECT_OBJC_ISA_USAGE = YES_ERROR;
				CLANG_WARN_DOCUMENTATION_COMMENTS = YES;
				CLANG_WARN_EMPTY_BODY = YES;
				CLANG_WARN_ENUM_CONVERSION = YES;
				CLANG_WARN_INFINITE_RECURSION = YES;
				CLANG_WARN_INT_CONVERSION = YES;
				CLANG_WARN_NON_LITERAL_NULL_CONVERSION = YES;
				CLANG_WARN_OBJC_IMPLICIT_RETAIN_SELF = YES;
				CLANG_WARN_OBJC_LITERAL_CONVERSION = YES;
				CLANG_WARN_OBJC_ROOT_CLASS = YES_ERROR;
				CLANG_WARN_RANGE_LOOP_ANALYSIS = YES;
				CLANG_WARN_STRICT_PROTOTYPES = YES;
				CLANG_WARN_SUSPICIOUS_MOVE = YES;
				CLANG_WARN_UNGUARDED_AVAILABILITY = YES_AGGRESSIVE;
				CLANG_WARN_UNREACHABLE_CODE = YES;
				CLANG_WARN__DUPLICATE_METHOD_MATCH = YES;
				COPY_PHASE_STRIP = NO;
				DEBUG_INFORMATION_FORMAT = dwarf;
				ENABLE_STRICT_OBJC_MSGSEND = YES;
				ENABLE_TESTABILITY = YES;
				GCC_C_LANGUAGE_STANDARD = gnu11;
				GCC_DYNAMIC_NO_PIC = NO;
				GCC_NO_COMMON_BLOCKS = YES;
				GCC_OPTIMIZATION_LEVEL = 0;
				GCC_PREPROCESSOR_DEFINITIONS = (
					"DEBUG=1",
					"$(inherited)",
				);
				GCC_WARN_64_TO_32_BIT_CONVERSION = YES;
				GCC_WARN_ABOUT_RETURN_TYPE = YES_ERROR;
				GCC_WARN_UNDECLARED_SELECTOR = YES;
				GCC_WARN_UNINITIALIZED_AUTOS = YES_AGGRESSIVE;
				GCC_WARN_UNUSED_FUNCTION = YES;
				GCC_WARN_UNUSED_VARIABLE = YES;
				IPHONEOS_DEPLOYMENT_TARGET = 13.2;
				MTL_ENABLE_DEBUG_INFO = INCLUDE_SOURCE;
				MTL_FAST_MATH = YES;
				ONLY_ACTIVE_ARCH = YES;
				SDKROOT = iphoneos;
				SWIFT_ACTIVE_COMPILATION_CONDITIONS = DEBUG;
				SWIFT_OPTIMIZATION_LEVEL = "-Onone";
			};
			name = Debug;
		};
		6244B1FF24E19DD5006BF1B8 /* Release */ = {
			isa = XCBuildConfiguration;
			buildSettings = {
				ALWAYS_SEARCH_USER_PATHS = NO;
				CLANG_ANALYZER_NONNULL = YES;
				CLANG_ANALYZER_NUMBER_OBJECT_CONVERSION = YES_AGGRESSIVE;
				CLANG_CXX_LANGUAGE_STANDARD = "gnu++14";
				CLANG_CXX_LIBRARY = "libc++";
				CLANG_ENABLE_MODULES = YES;
				CLANG_ENABLE_OBJC_ARC = YES;
				CLANG_ENABLE_OBJC_WEAK = YES;
				CLANG_WARN_BLOCK_CAPTURE_AUTORELEASING = YES;
				CLANG_WARN_BOOL_CONVERSION = YES;
				CLANG_WARN_COMMA = YES;
				CLANG_WARN_CONSTANT_CONVERSION = YES;
				CLANG_WARN_DEPRECATED_OBJC_IMPLEMENTATIONS = YES;
				CLANG_WARN_DIRECT_OBJC_ISA_USAGE = YES_ERROR;
				CLANG_WARN_DOCUMENTATION_COMMENTS = YES;
				CLANG_WARN_EMPTY_BODY = YES;
				CLANG_WARN_ENUM_CONVERSION = YES;
				CLANG_WARN_INFINITE_RECURSION = YES;
				CLANG_WARN_INT_CONVERSION = YES;
				CLANG_WARN_NON_LITERAL_NULL_CONVERSION = YES;
				CLANG_WARN_OBJC_IMPLICIT_RETAIN_SELF = YES;
				CLANG_WARN_OBJC_LITERAL_CONVERSION = YES;
				CLANG_WARN_OBJC_ROOT_CLASS = YES_ERROR;
				CLANG_WARN_RANGE_LOOP_ANALYSIS = YES;
				CLANG_WARN_STRICT_PROTOTYPES = YES;
				CLANG_WARN_SUSPICIOUS_MOVE = YES;
				CLANG_WARN_UNGUARDED_AVAILABILITY = YES_AGGRESSIVE;
				CLANG_WARN_UNREACHABLE_CODE = YES;
				CLANG_WARN__DUPLICATE_METHOD_MATCH = YES;
				COPY_PHASE_STRIP = NO;
				DEBUG_INFORMATION_FORMAT = "dwarf-with-dsym";
				ENABLE_NS_ASSERTIONS = NO;
				ENABLE_STRICT_OBJC_MSGSEND = YES;
				GCC_C_LANGUAGE_STANDARD = gnu11;
				GCC_NO_COMMON_BLOCKS = YES;
				GCC_WARN_64_TO_32_BIT_CONVERSION = YES;
				GCC_WARN_ABOUT_RETURN_TYPE = YES_ERROR;
				GCC_WARN_UNDECLARED_SELECTOR = YES;
				GCC_WARN_UNINITIALIZED_AUTOS = YES_AGGRESSIVE;
				GCC_WARN_UNUSED_FUNCTION = YES;
				GCC_WARN_UNUSED_VARIABLE = YES;
				IPHONEOS_DEPLOYMENT_TARGET = 13.2;
				MTL_ENABLE_DEBUG_INFO = NO;
				MTL_FAST_MATH = YES;
				SDKROOT = iphoneos;
				SWIFT_COMPILATION_MODE = wholemodule;
				SWIFT_OPTIMIZATION_LEVEL = "-O";
				VALIDATE_PRODUCT = YES;
			};
			name = Release;
		};
		6244B20124E19DD5006BF1B8 /* Debug */ = {
			isa = XCBuildConfiguration;
			buildSettings = {
				ASSETCATALOG_COMPILER_APPICON_NAME = AppIcon;
				CODE_SIGN_STYLE = Automatic;
				INFOPLIST_FILE = Daniel_O_pListExercise/Info.plist;
				LD_RUNPATH_SEARCH_PATHS = (
					"$(inherited)",
					"@executable_path/Frameworks",
				);
				PRODUCT_BUNDLE_IDENTIFIER = "com.DanielOGW.Daniel-O-pListExercise";
				PRODUCT_NAME = "$(TARGET_NAME)";
				SWIFT_VERSION = 5.0;
				TARGETED_DEVICE_FAMILY = "1,2";
			};
			name = Debug;
		};
		6244B20224E19DD5006BF1B8 /* Release */ = {
			isa = XCBuildConfiguration;
			buildSettings = {
				ASSETCATALOG_COMPILER_APPICON_NAME = AppIcon;
				CODE_SIGN_STYLE = Automatic;
				INFOPLIST_FILE = Daniel_O_pListExercise/Info.plist;
				LD_RUNPATH_SEARCH_PATHS = (
					"$(inherited)",
					"@executable_path/Frameworks",
				);
				PRODUCT_BUNDLE_IDENTIFIER = "com.DanielOGW.Daniel-O-pListExercise";
				PRODUCT_NAME = "$(TARGET_NAME)";
				SWIFT_VERSION = 5.0;
				TARGETED_DEVICE_FAMILY = "1,2";
			};
			name = Release;
		};
		6244B20424E19DD5006BF1B8 /* Debug */ = {
			isa = XCBuildConfiguration;
			buildSettings = {
				ALWAYS_EMBED_SWIFT_STANDARD_LIBRARIES = YES;
				BUNDLE_LOADER = "$(TEST_HOST)";
				CODE_SIGN_STYLE = Automatic;
				INFOPLIST_FILE = Daniel_O_pListExerciseTests/Info.plist;
				IPHONEOS_DEPLOYMENT_TARGET = 13.2;
				LD_RUNPATH_SEARCH_PATHS = (
					"$(inherited)",
					"@executable_path/Frameworks",
					"@loader_path/Frameworks",
				);
				PRODUCT_BUNDLE_IDENTIFIER = "com.DanielOGW.Daniel-O-pListExerciseTests";
				PRODUCT_NAME = "$(TARGET_NAME)";
				SWIFT_VERSION = 5.0;
				TARGETED_DEVICE_FAMILY = "1,2";
				TEST_HOST = "$(BUILT_PRODUCTS_DIR)/Daniel_O_pListExercise.app/Daniel_O_pListExercise";
			};
			name = Debug;
		};
		6244B20524E19DD5006BF1B8 /* Release */ = {
			isa = XCBuildConfiguration;
			buildSettings = {
				ALWAYS_EMBED_SWIFT_STANDARD_LIBRARIES = YES;
				BUNDLE_LOADER = "$(TEST_HOST)";
				CODE_SIGN_STYLE = Automatic;
				INFOPLIST_FILE = Daniel_O_pListExerciseTests/Info.plist;
				IPHONEOS_DEPLOYMENT_TARGET = 13.2;
				LD_RUNPATH_SEARCH_PATHS = (
					"$(inherited)",
					"@executable_path/Frameworks",
					"@loader_path/Frameworks",
				);
				PRODUCT_BUNDLE_IDENTIFIER = "com.DanielOGW.Daniel-O-pListExerciseTests";
				PRODUCT_NAME = "$(TARGET_NAME)";
				SWIFT_VERSION = 5.0;
				TARGETED_DEVICE_FAMILY = "1,2";
				TEST_HOST = "$(BUILT_PRODUCTS_DIR)/Daniel_O_pListExercise.app/Daniel_O_pListExercise";
			};
			name = Release;
		};
		6244B20724E19DD5006BF1B8 /* Debug */ = {
			isa = XCBuildConfiguration;
			buildSettings = {
				ALWAYS_EMBED_SWIFT_STANDARD_LIBRARIES = YES;
				CODE_SIGN_STYLE = Automatic;
				INFOPLIST_FILE = Daniel_O_pListExerciseUITests/Info.plist;
				LD_RUNPATH_SEARCH_PATHS = (
					"$(inherited)",
					"@executable_path/Frameworks",
					"@loader_path/Frameworks",
				);
				PRODUCT_BUNDLE_IDENTIFIER = "com.DanielOGW.Daniel-O-pListExerciseUITests";
				PRODUCT_NAME = "$(TARGET_NAME)";
				SWIFT_VERSION = 5.0;
				TARGETED_DEVICE_FAMILY = "1,2";
				TEST_TARGET_NAME = Daniel_O_pListExercise;
			};
			name = Debug;
		};
		6244B20824E19DD5006BF1B8 /* Release */ = {
			isa = XCBuildConfiguration;
			buildSettings = {
				ALWAYS_EMBED_SWIFT_STANDARD_LIBRARIES = YES;
				CODE_SIGN_STYLE = Automatic;
				INFOPLIST_FILE = Daniel_O_pListExerciseUITests/Info.plist;
				LD_RUNPATH_SEARCH_PATHS = (
					"$(inherited)",
					"@executable_path/Frameworks",
					"@loader_path/Frameworks",
				);
				PRODUCT_BUNDLE_IDENTIFIER = "com.DanielOGW.Daniel-O-pListExerciseUITests";
				PRODUCT_NAME = "$(TARGET_NAME)";
				SWIFT_VERSION = 5.0;
				TARGETED_DEVICE_FAMILY = "1,2";
				TEST_TARGET_NAME = Daniel_O_pListExercise;
			};
			name = Release;
		};
/* End XCBuildConfiguration section */

/* Begin XCConfigurationList section */
		6244B1D124E19DD4006BF1B8 /* Build configuration list for PBXProject "Daniel_O_pListExercise" */ = {
			isa = XCConfigurationList;
			buildConfigurations = (
				6244B1FE24E19DD5006BF1B8 /* Debug */,
				6244B1FF24E19DD5006BF1B8 /* Release */,
			);
			defaultConfigurationIsVisible = 0;
			defaultConfigurationName = Release;
		};
		6244B20024E19DD5006BF1B8 /* Build configuration list for PBXNativeTarget "Daniel_O_pListExercise" */ = {
			isa = XCConfigurationList;
			buildConfigurations = (
				6244B20124E19DD5006BF1B8 /* Debug */,
				6244B20224E19DD5006BF1B8 /* Release */,
			);
			defaultConfigurationIsVisible = 0;
			defaultConfigurationName = Release;
		};
		6244B20324E19DD5006BF1B8 /* Build configuration list for PBXNativeTarget "Daniel_O_pListExerciseTests" */ = {
			isa = XCConfigurationList;
			buildConfigurations = (
				6244B20424E19DD5006BF1B8 /* Debug */,
				6244B20524E19DD5006BF1B8 /* Release */,
			);
			defaultConfigurationIsVisible = 0;
			defaultConfigurationName = Release;
		};
		6244B20624E19DD5006BF1B8 /* Build configuration list for PBXNativeTarget "Daniel_O_pListExerciseUITests" */ = {
			isa = XCConfigurationList;
			buildConfigurations = (
				6244B20724E19DD5006BF1B8 /* Debug */,
				6244B20824E19DD5006BF1B8 /* Release */,
			);
			defaultConfigurationIsVisible = 0;
			defaultConfigurationName = Release;
		};
/* End XCConfigurationList section */
	};
	rootObject = 6244B1CE24E19DD4006BF1B8 /* Project object */;
}
